// !$*UTF8*$!
{
	archiveVersion = 1;
	classes = {
	};
	objectVersion = 56;
	objects = {

/* Begin PBXBuildFile section */
		D42500E329ED70BF00E1EFDF /* WeatherModel.swift in Sources */ = {isa = PBXBuildFile; fileRef = D42500E229ED70BF00E1EFDF /* WeatherModel.swift */; };
		D4C1677E29ED15310078354A /* AppDelegate.swift in Sources */ = {isa = PBXBuildFile; fileRef = D4C1677D29ED15310078354A /* AppDelegate.swift */; };
		D4C1678029ED15310078354A /* SceneDelegate.swift in Sources */ = {isa = PBXBuildFile; fileRef = D4C1677F29ED15310078354A /* SceneDelegate.swift */; };
		D4C1678529ED15310078354A /* Main.storyboard in Resources */ = {isa = PBXBuildFile; fileRef = D4C1678329ED15310078354A /* Main.storyboard */; };
		D4C1678729ED15320078354A /* Assets.xcassets in Resources */ = {isa = PBXBuildFile; fileRef = D4C1678629ED15320078354A /* Assets.xcassets */; };
		D4C1678A29ED15320078354A /* LaunchScreen.storyboard in Resources */ = {isa = PBXBuildFile; fileRef = D4C1678829ED15320078354A /* LaunchScreen.storyboard */; };
		D4C1679729ED16480078354A /* WeatherViewController.swift in Sources */ = {isa = PBXBuildFile; fileRef = D4C1679529ED16480078354A /* WeatherViewController.swift */; };
		D4C1679829ED16480078354A /* WeatherViewController.xib in Resources */ = {isa = PBXBuildFile; fileRef = D4C1679629ED16480078354A /* WeatherViewController.xib */; };
		D4C167A129ED1EC10078354A /* WeatherTableViewCell.swift in Sources */ = {isa = PBXBuildFile; fileRef = D4C1679F29ED1EC10078354A /* WeatherTableViewCell.swift */; };
		D4C167A229ED1EC10078354A /* WeatherTableViewCell.xib in Resources */ = {isa = PBXBuildFile; fileRef = D4C167A029ED1EC10078354A /* WeatherTableViewCell.xib */; };
/* End PBXBuildFile section */

/* Begin PBXFileReference section */
		D42500E229ED70BF00E1EFDF /* WeatherModel.swift */ = {isa = PBXFileReference; lastKnownFileType = sourcecode.swift; path = WeatherModel.swift; sourceTree = "<group>"; };
		D4C1677A29ED15310078354A /* WeeklyWeather.app */ = {isa = PBXFileReference; explicitFileType = wrapper.application; includeInIndex = 0; path = WeeklyWeather.app; sourceTree = BUILT_PRODUCTS_DIR; };
		D4C1677D29ED15310078354A /* AppDelegate.swift */ = {isa = PBXFileReference; lastKnownFileType = sourcecode.swift; path = AppDelegate.swift; sourceTree = "<group>"; };
		D4C1677F29ED15310078354A /* SceneDelegate.swift */ = {isa = PBXFileReference; lastKnownFileType = sourcecode.swift; path = SceneDelegate.swift; sourceTree = "<group>"; };
		D4C1678429ED15310078354A /* Base */ = {isa = PBXFileReference; lastKnownFileType = file.storyboard; name = Base; path = Base.lproj/Main.storyboard; sourceTree = "<group>"; };
		D4C1678629ED15320078354A /* Assets.xcassets */ = {isa = PBXFileReference; lastKnownFileType = folder.assetcatalog; path = Assets.xcassets; sourceTree = "<group>"; };
		D4C1678929ED15320078354A /* Base */ = {isa = PBXFileReference; lastKnownFileType = file.storyboard; name = Base; path = Base.lproj/LaunchScreen.storyboard; sourceTree = "<group>"; };
		D4C1678B29ED15320078354A /* Info.plist */ = {isa = PBXFileReference; lastKnownFileType = text.plist.xml; path = Info.plist; sourceTree = "<group>"; };
		D4C1679529ED16480078354A /* WeatherViewController.swift */ = {isa = PBXFileReference; lastKnownFileType = sourcecode.swift; path = WeatherViewController.swift; sourceTree = "<group>"; };
		D4C1679629ED16480078354A /* WeatherViewController.xib */ = {isa = PBXFileReference; lastKnownFileType = file.xib; path = WeatherViewController.xib; sourceTree = "<group>"; };
		D4C1679F29ED1EC10078354A /* WeatherTableViewCell.swift */ = {isa = PBXFileReference; lastKnownFileType = sourcecode.swift; path = WeatherTableViewCell.swift; sourceTree = "<group>"; };
		D4C167A029ED1EC10078354A /* WeatherTableViewCell.xib */ = {isa = PBXFileReference; lastKnownFileType = file.xib; path = WeatherTableViewCell.xib; sourceTree = "<group>"; };
/* End PBXFileReference section */

/* Begin PBXFrameworksBuildPhase section */
		D4C1677729ED15310078354A /* Frameworks */ = {
			isa = PBXFrameworksBuildPhase;
			buildActionMask = 2147483647;
			files = (
			);
			runOnlyForDeploymentPostprocessing = 0;
		};
/* End PBXFrameworksBuildPhase section */

/* Begin PBXGroup section */
		D4C1677129ED15310078354A = {
			isa = PBXGroup;
			children = (
				D4C1677C29ED15310078354A /* WeeklyWeather */,
				D4C1677B29ED15310078354A /* Products */,
			);
			sourceTree = "<group>";
		};
		D4C1677B29ED15310078354A /* Products */ = {
			isa = PBXGroup;
			children = (
				D4C1677A29ED15310078354A /* WeeklyWeather.app */,
			);
			name = Products;
			sourceTree = "<group>";
		};
		D4C1677C29ED15310078354A /* WeeklyWeather */ = {
			isa = PBXGroup;
			children = (
				D4C1677D29ED15310078354A /* AppDelegate.swift */,
				D4C1677F29ED15310078354A /* SceneDelegate.swift */,
				D4C1679129ED15440078354A /* WeatherView */,
				D4C1678329ED15310078354A /* Main.storyboard */,
				D4C1678829ED15320078354A /* LaunchScreen.storyboard */,
				D4C1678629ED15320078354A /* Assets.xcassets */,
				D4C1678B29ED15320078354A /* Info.plist */,
			);
			path = WeeklyWeather;
			sourceTree = "<group>";
		};
		D4C1679129ED15440078354A /* WeatherView */ = {
			isa = PBXGroup;
			children = (
				D4C1679229ED15710078354A /* Model */,
				D4C1679429ED15940078354A /* View */,
				D4C1679329ED15860078354A /* ViewModel */,
			);
			path = WeatherView;
			sourceTree = "<group>";
		};
		D4C1679229ED15710078354A /* Model */ = {
			isa = PBXGroup;
			children = (
				D42500E229ED70BF00E1EFDF /* WeatherModel.swift */,
			);
			path = Model;
			sourceTree = "<group>";
		};
		D4C1679329ED15860078354A /* ViewModel */ = {
			isa = PBXGroup;
			children = (
			);
			path = ViewModel;
			sourceTree = "<group>";
		};
		D4C1679429ED15940078354A /* View */ = {
			isa = PBXGroup;
			children = (
				D4C1679529ED16480078354A /* WeatherViewController.swift */,
				D4C1679629ED16480078354A /* WeatherViewController.xib */,
				D4C1679F29ED1EC10078354A /* WeatherTableViewCell.swift */,
				D4C167A029ED1EC10078354A /* WeatherTableViewCell.xib */,
			);
			path = View;
			sourceTree = "<group>";
		};
/* End PBXGroup section */

/* Begin PBXNativeTarget section */
		D4C1677929ED15310078354A /* WeeklyWeather */ = {
			isa = PBXNativeTarget;
			buildConfigurationList = D4C1678E29ED15320078354A /* Build configuration list for PBXNativeTarget "WeeklyWeather" */;
			buildPhases = (
				D4C1677629ED15310078354A /* Sources */,
				D4C1677729ED15310078354A /* Frameworks */,
				D4C1677829ED15310078354A /* Resources */,
			);
			buildRules = (
			);
			dependencies = (
			);
			name = WeeklyWeather;
			productName = WeeklyWeather;
			productReference = D4C1677A29ED15310078354A /* WeeklyWeather.app */;
			productType = "com.apple.product-type.application";
		};
/* End PBXNativeTarget section */

/* Begin PBXProject section */
		D4C1677229ED15310078354A /* Project object */ = {
			isa = PBXProject;
			attributes = {
				BuildIndependentTargetsInParallel = 1;
				LastSwiftUpdateCheck = 1400;
				LastUpgradeCheck = 1400;
				TargetAttributes = {
					D4C1677929ED15310078354A = {
						CreatedOnToolsVersion = 14.0.1;
					};
				};
			};
			buildConfigurationList = D4C1677529ED15310078354A /* Build configuration list for PBXProject "WeeklyWeather" */;
			compatibilityVersion = "Xcode 14.0";
			developmentRegion = en;
			hasScannedForEncodings = 0;
			knownRegions = (
				en,
				Base,
			);
			mainGroup = D4C1677129ED15310078354A;
			productRefGroup = D4C1677B29ED15310078354A /* Products */;
			projectDirPath = "";
			projectRoot = "";
			targets = (
				D4C1677929ED15310078354A /* WeeklyWeather */,
			);
		};
/* End PBXProject section */

/* Begin PBXResourcesBuildPhase section */
		D4C1677829ED15310078354A /* Resources */ = {
			isa = PBXResourcesBuildPhase;
			buildActionMask = 2147483647;
			files = (
				D4C1678A29ED15320078354A /* LaunchScreen.storyboard in Resources */,
				D4C1679829ED16480078354A /* WeatherViewController.xib in Resources */,
				D4C167A229ED1EC10078354A /* WeatherTableViewCell.xib in Resources */,
				D4C1678729ED15320078354A /* Assets.xcassets in Resources */,
				D4C1678529ED15310078354A /* Main.storyboard in Resources */,
			);
			runOnlyForDeploymentPostprocessing = 0;
		};
/* End PBXResourcesBuildPhase section */

/* Begin PBXSourcesBuildPhase section */
		D4C1677629ED15310078354A /* Sources */ = {
			isa = PBXSourcesBuildPhase;
			buildActionMask = 2147483647;
			files = (
				D42500E329ED70BF00E1EFDF /* WeatherModel.swift in Sources */,
				D4C167A129ED1EC10078354A /* WeatherTableViewCell.swift in Sources */,
				D4C1677E29ED15310078354A /* AppDelegate.swift in Sources */,
				D4C1679729ED16480078354A /* WeatherViewController.swift in Sources */,
				D4C1678029ED15310078354A /* SceneDelegate.swift in Sources */,
			);
			runOnlyForDeploymentPostprocessing = 0;
		};
/* End PBXSourcesBuildPhase section */

/* Begin PBXVariantGroup section */
		D4C1678329ED15310078354A /* Main.storyboard */ = {
			isa = PBXVariantGroup;
			children = (
				D4C1678429ED15310078354A /* Base */,
			);
			name = Main.storyboard;
			sourceTree = "<group>";
		};
		D4C1678829ED15320078354A /* LaunchScreen.storyboard */ = {
			isa = PBXVariantGroup;
			children = (
				D4C1678929ED15320078354A /* Base */,
			);
			name = LaunchScreen.storyboard;
			sourceTree = "<group>";
		};
/* End PBXVariantGroup section */

/* Begin XCBuildConfiguration section */
		D4C1678C29ED15320078354A /* Debug */ = {
			isa = XCBuildConfiguration;
			buildSettings = {
				ALWAYS_SEARCH_USER_PATHS = NO;
				CLANG_ANALYZER_NONNULL = YES;
				CLANG_ANALYZER_NUMBER_OBJECT_CONVERSION = YES_AGGRESSIVE;
				CLANG_CXX_LANGUAGE_STANDARD = "gnu++20";
				CLANG_ENABLE_MODULES = YES;
				CLANG_ENABLE_OBJC_ARC = YES;
				CLANG_ENABLE_OBJC_WEAK = YES;
				CLANG_WARN_BLOCK_CAPTURE_AUTORELEASING = YES;
				CLANG_WARN_BOOL_CONVERSION = YES;
				CLANG_WARN_COMMA = YES;
				CLANG_WARN_CONSTANT_CONVERSION = YES;
				CLANG_WARN_DEPRECATED_OBJC_IMPLEMENTATIONS = YES;
				CLANG_WARN_DIRECT_OBJC_ISA_USAGE = YES_ERROR;
				CLANG_WARN_DOCUMENTATION_COMMENTS = YES;
				CLANG_WARN_EMPTY_BODY = YES;
				CLANG_WARN_ENUM_CONVERSION = YES;
				CLANG_WARN_INFINITE_RECURSION = YES;
				CLANG_WARN_INT_CONVERSION = YES;
				CLANG_WARN_NON_LITERAL_NULL_CONVERSION = YES;
				CLANG_WARN_OBJC_IMPLICIT_RETAIN_SELF = YES;
				CLANG_WARN_OBJC_LITERAL_CONVERSION = YES;
				CLANG_WARN_OBJC_ROOT_CLASS = YES_ERROR;
				CLANG_WARN_QUOTED_INCLUDE_IN_FRAMEWORK_HEADER = YES;
				CLANG_WARN_RANGE_LOOP_ANALYSIS = YES;
				CLANG_WARN_STRICT_PROTOTYPES = YES;
				CLANG_WARN_SUSPICIOUS_MOVE = YES;
				CLANG_WARN_UNGUARDED_AVAILABILITY = YES_AGGRESSIVE;
				CLANG_WARN_UNREACHABLE_CODE = YES;
				CLANG_WARN__DUPLICATE_METHOD_MATCH = YES;
				COPY_PHASE_STRIP = NO;
				DEBUG_INFORMATION_FORMAT = dwarf;
				ENABLE_STRICT_OBJC_MSGSEND = YES;
				ENABLE_TESTABILITY = YES;
				GCC_C_LANGUAGE_STANDARD = gnu11;
				GCC_DYNAMIC_NO_PIC = NO;
				GCC_NO_COMMON_BLOCKS = YES;
				GCC_OPTIMIZATION_LEVEL = 0;
				GCC_PREPROCESSOR_DEFINITIONS = (
					"DEBUG=1",
					"$(inherited)",
				);
				GCC_WARN_64_TO_32_BIT_CONVERSION = YES;
				GCC_WARN_ABOUT_RETURN_TYPE = YES_ERROR;
				GCC_WARN_UNDECLARED_SELECTOR = YES;
				GCC_WARN_UNINITIALIZED_AUTOS = YES_AGGRESSIVE;
				GCC_WARN_UNUSED_FUNCTION = YES;
				GCC_WARN_UNUSED_VARIABLE = YES;
				IPHONEOS_DEPLOYMENT_TARGET = 16.0;
				MTL_ENABLE_DEBUG_INFO = INCLUDE_SOURCE;
				MTL_FAST_MATH = YES;
				ONLY_ACTIVE_ARCH = YES;
				SDKROOT = iphoneos;
				SWIFT_ACTIVE_COMPILATION_CONDITIONS = DEBUG;
				SWIFT_OPTIMIZATION_LEVEL = "-Onone";
			};
			name = Debug;
		};
		D4C1678D29ED15320078354A /* Release */ = {
			isa = XCBuildConfiguration;
			buildSettings = {
				ALWAYS_SEARCH_USER_PATHS = NO;
				CLANG_ANALYZER_NONNULL = YES;
				CLANG_ANALYZER_NUMBER_OBJECT_CONVERSION = YES_AGGRESSIVE;
				CLANG_CXX_LANGUAGE_STANDARD = "gnu++20";
				CLANG_ENABLE_MODULES = YES;
				CLANG_ENABLE_OBJC_ARC = YES;
				CLANG_ENABLE_OBJC_WEAK = YES;
				CLANG_WARN_BLOCK_CAPTURE_AUTORELEASING = YES;
				CLANG_WARN_BOOL_CONVERSION = YES;
				CLANG_WARN_COMMA = YES;
				CLANG_WARN_CONSTANT_CONVERSION = YES;
				CLANG_WARN_DEPRECATED_OBJC_IMPLEMENTATIONS = YES;
				CLANG_WARN_DIRECT_OBJC_ISA_USAGE = YES_ERROR;
				CLANG_WARN_DOCUMENTATION_COMMENTS = YES;
				CLANG_WARN_EMPTY_BODY = YES;
				CLANG_WARN_ENUM_CONVERSION = YES;
				CLANG_WARN_INFINITE_RECURSION = YES;
				CLANG_WARN_INT_CONVERSION = YES;
				CLANG_WARN_NON_LITERAL_NULL_CONVERSION = YES;
				CLANG_WARN_OBJC_IMPLICIT_RETAIN_SELF = YES;
				CLANG_WARN_OBJC_LITERAL_CONVERSION = YES;
				CLANG_WARN_OBJC_ROOT_CLASS = YES_ERROR;
				CLANG_WARN_QUOTED_INCLUDE_IN_FRAMEWORK_HEADER = YES;
				CLANG_WARN_RANGE_LOOP_ANALYSIS = YES;
				CLANG_WARN_STRICT_PROTOTYPES = YES;
				CLANG_WARN_SUSPICIOUS_MOVE = YES;
				CLANG_WARN_UNGUARDED_AVAILABILITY = YES_AGGRESSIVE;
				CLANG_WARN_UNREACHABLE_CODE = YES;
				CLANG_WARN__DUPLICATE_METHOD_MATCH = YES;
				COPY_PHASE_STRIP = NO;
				DEBUG_INFORMATION_FORMAT = "dwarf-with-dsym";
				ENABLE_NS_ASSERTIONS = NO;
				ENABLE_STRICT_OBJC_MSGSEND = YES;
				GCC_C_LANGUAGE_STANDARD = gnu11;
				GCC_NO_COMMON_BLOCKS = YES;
				GCC_WARN_64_TO_32_BIT_CONVERSION = YES;
				GCC_WARN_ABOUT_RETURN_TYPE = YES_ERROR;
				GCC_WARN_UNDECLARED_SELECTOR = YES;
				GCC_WARN_UNINITIALIZED_AUTOS = YES_AGGRESSIVE;
				GCC_WARN_UNUSED_FUNCTION = YES;
				GCC_WARN_UNUSED_VARIABLE = YES;
				IPHONEOS_DEPLOYMENT_TARGET = 16.0;
				MTL_ENABLE_DEBUG_INFO = NO;
				MTL_FAST_MATH = YES;
				SDKROOT = iphoneos;
				SWIFT_COMPILATION_MODE = wholemodule;
				SWIFT_OPTIMIZATION_LEVEL = "-O";
				VALIDATE_PRODUCT = YES;
			};
			name = Release;
		};
		D4C1678F29ED15320078354A /* Debug */ = {
			isa = XCBuildConfiguration;
			buildSettings = {
				ASSETCATALOG_COMPILER_APPICON_NAME = AppIcon;
				ASSETCATALOG_COMPILER_GLOBAL_ACCENT_COLOR_NAME = AccentColor;
				CODE_SIGN_STYLE = Automatic;
				CURRENT_PROJECT_VERSION = 1;
				GENERATE_INFOPLIST_FILE = YES;
				INFOPLIST_FILE = WeeklyWeather/Info.plist;
				INFOPLIST_KEY_UIApplicationSupportsIndirectInputEvents = YES;
				INFOPLIST_KEY_UILaunchStoryboardName = LaunchScreen;
				INFOPLIST_KEY_UIMainStoryboardFile = Main;
				INFOPLIST_KEY_UISupportedInterfaceOrientations_iPad = "UIInterfaceOrientationPortrait UIInterfaceOrientationPortraitUpsideDown UIInterfaceOrientationLandscapeLeft UIInterfaceOrientationLandscapeRight";
				INFOPLIST_KEY_UISupportedInterfaceOrientations_iPhone = "UIInterfaceOrientationPortrait UIInterfaceOrientationLandscapeLeft UIInterfaceOrientationLandscapeRight";
				LD_RUNPATH_SEARCH_PATHS = (
					"$(inherited)",
					"@executable_path/Frameworks",
				);
				MARKETING_VERSION = 1.0;
				PRODUCT_BUNDLE_IDENTIFIER = com.eptech.WeeklyWeather;
				PRODUCT_NAME = "$(TARGET_NAME)";
				SWIFT_EMIT_LOC_STRINGS = YES;
				SWIFT_VERSION = 5.0;
				TARGETED_DEVICE_FAMILY = "1,2";
			};
			name = Debug;
		};
		D4C1679029ED15320078354A /* Release */ = {
			isa = XCBuildConfiguration;
			buildSettings = {
				ASSETCATALOG_COMPILER_APPICON_NAME = AppIcon;
				ASSETCATALOG_COMPILER_GLOBAL_ACCENT_COLOR_NAME = AccentColor;
				CODE_SIGN_STYLE = Automatic;
				CURRENT_PROJECT_VERSION = 1;
				GENERATE_INFOPLIST_FILE = YES;
				INFOPLIST_FILE = WeeklyWeather/Info.plist;
				INFOPLIST_KEY_UIApplicationSupportsIndirectInputEvents = YES;
				INFOPLIST_KEY_UILaunchStoryboardName = LaunchScreen;
				INFOPLIST_KEY_UIMainStoryboardFile = Main;
				INFOPLIST_KEY_UISupportedInterfaceOrientations_iPad = "UIInterfaceOrientationPortrait UIInterfaceOrientationPortraitUpsideDown UIInterfaceOrientationLandscapeLeft UIInterfaceOrientationLandscapeRight";
				INFOPLIST_KEY_UISupportedInterfaceOrientations_iPhone = "UIInterfaceOrientationPortrait UIInterfaceOrientationLandscapeLeft UIInterfaceOrientationLandscapeRight";
				LD_RUNPATH_SEARCH_PATHS = (
					"$(inherited)",
					"@executable_path/Frameworks",
				);
				MARKETING_VERSION = 1.0;
				PRODUCT_BUNDLE_IDENTIFIER = com.eptech.WeeklyWeather;
				PRODUCT_NAME = "$(TARGET_NAME)";
				SWIFT_EMIT_LOC_STRINGS = YES;
				SWIFT_VERSION = 5.0;
				TARGETED_DEVICE_FAMILY = "1,2";
			};
			name = Release;
		};
/* End XCBuildConfiguration section */

/* Begin XCConfigurationList section */
		D4C1677529ED15310078354A /* Build configuration list for PBXProject "WeeklyWeather" */ = {
			isa = XCConfigurationList;
			buildConfigurations = (
				D4C1678C29ED15320078354A /* Debug */,
				D4C1678D29ED15320078354A /* Release */,
			);
			defaultConfigurationIsVisible = 0;
			defaultConfigurationName = Release;
		};
		D4C1678E29ED15320078354A /* Build configuration list for PBXNativeTarget "WeeklyWeather" */ = {
			isa = XCConfigurationList;
			buildConfigurations = (
				D4C1678F29ED15320078354A /* Debug */,
				D4C1679029ED15320078354A /* Release */,
			);
			defaultConfigurationIsVisible = 0;
			defaultConfigurationName = Release;
		};
/* End XCConfigurationList section */
	};
	rootObject = D4C1677229ED15310078354A /* Project object */;
}
